
Microsoft Visual Studio Solution File, Format Version 12.00
# Visual Studio Version 17
VisualStudioVersion = 17.7.34202.233
MinimumVisualStudioVersion = 10.0.40219.1
Project("{FAE04EC0-301F-11D3-BF4B-00C04F79EFBC}") = "ShoppingCartMonolithApplication", "ShoppingCartMonolithApplication.csproj", "{AB0AF6FB-55BF-4054-9B75-8B4F14CC4645}"
EndProject
Project("{FAE04EC0-301F-11D3-BF4B-00C04F79EFBC}") = "ShoppingCartDataAccess", "..\ShoppingCartDataAccess\ShoppingCartDataAccess.csproj", "{C25A4075-D12D-40CD-A448-497FE7A8E014}"
EndProject
Global
	GlobalSection(SolutionConfigurationPlatforms) = preSolution
		Debug|Any CPU = Debug|Any CPU
		Release|Any CPU = Release|Any CPU
	EndGlobalSection
	GlobalSection(ProjectConfigurationPlatforms) = postSolution
		{AB0AF6FB-55BF-4054-9B75-8B4F14CC4645}.Debug|Any CPU.ActiveCfg = Debug|Any CPU
		{AB0AF6FB-55BF-4054-9B75-8B4F14CC4645}.Debug|Any CPU.Build.0 = Debug|Any CPU
		{AB0AF6FB-55BF-4054-9B75-8B4F14CC4645}.Release|Any CPU.ActiveCfg = Release|Any CPU
		{AB0AF6FB-55BF-4054-9B75-8B4F14CC4645}.Release|Any CPU.Build.0 = Release|Any CPU
		{C25A4075-D12D-40CD-A448-497FE7A8E014}.Debug|Any CPU.ActiveCfg = Debug|Any CPU
		{C25A4075-D12D-40CD-A448-497FE7A8E014}.Debug|Any CPU.Build.0 = Debug|Any CPU
		{C25A4075-D12D-40CD-A448-497FE7A8E014}.Release|Any CPU.ActiveCfg = Release|Any CPU
		{C25A4075-D12D-40CD-A448-497FE7A8E014}.Release|Any CPU.Build.0 = Release|Any CPU
	EndGlobalSection
	GlobalSection(SolutionProperties) = preSolution
		HideSolutionNode = FALSE
	EndGlobalSection
	GlobalSection(ExtensibilityGlobals) = postSolution
		SolutionGuid = {69F99B95-DD4B-4F57-9205-389395CCD736}
	EndGlobalSection
EndGlobal
